
Microsoft Visual Studio Solution File, Format Version 12.00
# Visual Studio Version 17
VisualStudioVersion = 17.4.33110.190
MinimumVisualStudioVersion = 10.0.40219.1
Project("{FAE04EC0-301F-11D3-BF4B-00C04F79EFBC}") = "store-3TN", "store-3TN\store-3TN.csproj", "{FB883F5E-6B9D-482A-8707-E8C30AF614A3}"
EndProject
Global
	GlobalSection(SolutionConfigurationPlatforms) = preSolution
		Debug|Any CPU = Debug|Any CPU
		Release|Any CPU = Release|Any CPU
	EndGlobalSection
	GlobalSection(ProjectConfigurationPlatforms) = postSolution
		{FB883F5E-6B9D-482A-8707-E8C30AF614A3}.Debug|Any CPU.ActiveCfg = Debug|Any CPU
		{FB883F5E-6B9D-482A-8707-E8C30AF614A3}.Debug|Any CPU.Build.0 = Debug|Any CPU
		{FB883F5E-6B9D-482A-8707-E8C30AF614A3}.Release|Any CPU.ActiveCfg = Release|Any CPU
		{FB883F5E-6B9D-482A-8707-E8C30AF614A3}.Release|Any CPU.Build.0 = Release|Any CPU
	EndGlobalSection
	GlobalSection(SolutionProperties) = preSolution
		HideSolutionNode = FALSE
	EndGlobalSection
	GlobalSection(ExtensibilityGlobals) = postSolution
		SolutionGuid = {0597E419-DB01-45EC-9F3C-C30F7C339EF7}
	EndGlobalSection
EndGlobal
